
Microsoft Visual Studio Solution File, Format Version 12.00
# Visual Studio Version 17
VisualStudioVersion = 17.0.31903.59
MinimumVisualStudioVersion = 10.0.40219.1
Project("{FAE04EC0-301F-11D3-BF4B-00C04F79EFBC}") = "Backend", "Backend\Backend.csproj", "{C5896925-5096-42E4-8D18-D8B44E7B4E2E}"
EndProject
Project("{FAE04EC0-301F-11D3-BF4B-00C04F79EFBC}") = "Backend.Tests", "Backend.Tests\Backend.Tests.csproj", "{0AE006CC-EF00-4B03-A40B-240C76053C65}"
EndProject
Global
	GlobalSection(SolutionConfigurationPlatforms) = preSolution
		Debug|Any CPU = Debug|Any CPU
		Release|Any CPU = Release|Any CPU
	EndGlobalSection
	GlobalSection(SolutionProperties) = preSolution
		HideSolutionNode = FALSE
	EndGlobalSection
	GlobalSection(ProjectConfigurationPlatforms) = postSolution
		{C5896925-5096-42E4-8D18-D8B44E7B4E2E}.Debug|Any CPU.ActiveCfg = Debug|Any CPU
		{C5896925-5096-42E4-8D18-D8B44E7B4E2E}.Debug|Any CPU.Build.0 = Debug|Any CPU
		{C5896925-5096-42E4-8D18-D8B44E7B4E2E}.Release|Any CPU.ActiveCfg = Release|Any CPU
		{C5896925-5096-42E4-8D18-D8B44E7B4E2E}.Release|Any CPU.Build.0 = Release|Any CPU
		{0AE006CC-EF00-4B03-A40B-240C76053C65}.Debug|Any CPU.ActiveCfg = Debug|Any CPU
		{0AE006CC-EF00-4B03-A40B-240C76053C65}.Debug|Any CPU.Build.0 = Debug|Any CPU
		{0AE006CC-EF00-4B03-A40B-240C76053C65}.Release|Any CPU.ActiveCfg = Release|Any CPU
		{0AE006CC-EF00-4B03-A40B-240C76053C65}.Release|Any CPU.Build.0 = Release|Any CPU
	EndGlobalSection
EndGlobal
